
Microsoft Visual Studio Solution File, Format Version 12.00
# Visual Studio Version 17
VisualStudioVersion = 17.2.32516.85
MinimumVisualStudioVersion = 10.0.40219.1
Project("{FAE04EC0-301F-11D3-BF4B-00C04F79EFBC}") = "examsample20", "examsample20.csproj", "{AF83DE61-142F-4880-9374-B4F9C395F505}"
EndProject
Global
	GlobalSection(SolutionConfigurationPlatforms) = preSolution
		Debug|Any CPU = Debug|Any CPU
		Release|Any CPU = Release|Any CPU
	EndGlobalSection
	GlobalSection(ProjectConfigurationPlatforms) = postSolution
		{AF83DE61-142F-4880-9374-B4F9C395F505}.Debug|Any CPU.ActiveCfg = Debug|Any CPU
		{AF83DE61-142F-4880-9374-B4F9C395F505}.Debug|Any CPU.Build.0 = Debug|Any CPU
		{AF83DE61-142F-4880-9374-B4F9C395F505}.Release|Any CPU.ActiveCfg = Release|Any CPU
		{AF83DE61-142F-4880-9374-B4F9C395F505}.Release|Any CPU.Build.0 = Release|Any CPU
	EndGlobalSection
	GlobalSection(SolutionProperties) = preSolution
		HideSolutionNode = FALSE
	EndGlobalSection
	GlobalSection(ExtensibilityGlobals) = postSolution
		SolutionGuid = {AB95EDA8-7189-476C-BD84-12266CA9EEDD}
	EndGlobalSection
EndGlobal
