
Microsoft Visual Studio Solution File, Format Version 12.00
# Visual Studio Version 17
VisualStudioVersion = 17.8.34408.163
MinimumVisualStudioVersion = 10.0.40219.1
Project("{8BC9CEB8-8B4A-11D0-8D11-00A0C91BC942}") = "Multimap-Hashtable", "Multimap-Hashtable\Multimap-Hashtable.vcxproj", "{0E89A19D-A805-4CD9-834C-7D43301974C9}"
EndProject
Global
	GlobalSection(SolutionConfigurationPlatforms) = preSolution
		Debug|x64 = Debug|x64
		Debug|x86 = Debug|x86
		Release|x64 = Release|x64
		Release|x86 = Release|x86
	EndGlobalSection
	GlobalSection(ProjectConfigurationPlatforms) = postSolution
		{0E89A19D-A805-4CD9-834C-7D43301974C9}.Debug|x64.ActiveCfg = Debug|x64
		{0E89A19D-A805-4CD9-834C-7D43301974C9}.Debug|x64.Build.0 = Debug|x64
		{0E89A19D-A805-4CD9-834C-7D43301974C9}.Debug|x86.ActiveCfg = Debug|Win32
		{0E89A19D-A805-4CD9-834C-7D43301974C9}.Debug|x86.Build.0 = Debug|Win32
		{0E89A19D-A805-4CD9-834C-7D43301974C9}.Release|x64.ActiveCfg = Release|x64
		{0E89A19D-A805-4CD9-834C-7D43301974C9}.Release|x64.Build.0 = Release|x64
		{0E89A19D-A805-4CD9-834C-7D43301974C9}.Release|x86.ActiveCfg = Release|Win32
		{0E89A19D-A805-4CD9-834C-7D43301974C9}.Release|x86.Build.0 = Release|Win32
	EndGlobalSection
	GlobalSection(SolutionProperties) = preSolution
		HideSolutionNode = FALSE
	EndGlobalSection
	GlobalSection(ExtensibilityGlobals) = postSolution
		SolutionGuid = {BB9929D7-13CA-410A-980B-68F7B69FF93F}
	EndGlobalSection
EndGlobal
