
Microsoft Visual Studio Solution File, Format Version 12.00
# Visual Studio Version 17
VisualStudioVersion = 17.13.35818.85 d17.13
MinimumVisualStudioVersion = 10.0.40219.1
Project("{FAE04EC0-301F-11D3-BF4B-00C04F79EFBC}") = "ConsoleApp1", "ConsoleApp1\ConsoleApp1.csproj", "{A821E9F4-7178-4BA3-9E49-E541FB288DC7}"
EndProject
Global
	GlobalSection(SolutionConfigurationPlatforms) = preSolution
		Debug|Any CPU = Debug|Any CPU
		Release|Any CPU = Release|Any CPU
	EndGlobalSection
	GlobalSection(ProjectConfigurationPlatforms) = postSolution
		{A821E9F4-7178-4BA3-9E49-E541FB288DC7}.Debug|Any CPU.ActiveCfg = Debug|Any CPU
		{A821E9F4-7178-4BA3-9E49-E541FB288DC7}.Debug|Any CPU.Build.0 = Debug|Any CPU
		{A821E9F4-7178-4BA3-9E49-E541FB288DC7}.Release|Any CPU.ActiveCfg = Release|Any CPU
		{A821E9F4-7178-4BA3-9E49-E541FB288DC7}.Release|Any CPU.Build.0 = Release|Any CPU
	EndGlobalSection
	GlobalSection(SolutionProperties) = preSolution
		HideSolutionNode = FALSE
	EndGlobalSection
	GlobalSection(ExtensibilityGlobals) = postSolution
		SolutionGuid = {9A244749-B08F-4942-9D61-802040D55EA5}
	EndGlobalSection
EndGlobal
