
Microsoft Visual Studio Solution File, Format Version 12.00
# Visual Studio Version 17
VisualStudioVersion = 17.13.35818.85 d17.13
MinimumVisualStudioVersion = 10.0.40219.1
Project("{FAE04EC0-301F-11D3-BF4B-00C04F79EFBC}") = "ASP - EXAM", "ASP - EXAM\ASP - EXAM.csproj", "{8DC6E4C8-FD71-4280-8407-9F500239F7DC}"
EndProject
Global
	GlobalSection(SolutionConfigurationPlatforms) = preSolution
		Debug|Any CPU = Debug|Any CPU
		Release|Any CPU = Release|Any CPU
	EndGlobalSection
	GlobalSection(ProjectConfigurationPlatforms) = postSolution
		{8DC6E4C8-FD71-4280-8407-9F500239F7DC}.Debug|Any CPU.ActiveCfg = Debug|Any CPU
		{8DC6E4C8-FD71-4280-8407-9F500239F7DC}.Debug|Any CPU.Build.0 = Debug|Any CPU
		{8DC6E4C8-FD71-4280-8407-9F500239F7DC}.Release|Any CPU.ActiveCfg = Release|Any CPU
		{8DC6E4C8-FD71-4280-8407-9F500239F7DC}.Release|Any CPU.Build.0 = Release|Any CPU
	EndGlobalSection
	GlobalSection(SolutionProperties) = preSolution
		HideSolutionNode = FALSE
	EndGlobalSection
	GlobalSection(ExtensibilityGlobals) = postSolution
		SolutionGuid = {FFC2F457-7E05-4459-A3B6-1D2288AAEC6E}
	EndGlobalSection
EndGlobal
